
Microsoft Visual Studio Solution File, Format Version 12.00
# Visual Studio 15
VisualStudioVersion = 15.0.27428.2005
MinimumVisualStudioVersion = 10.0.40219.1
Project("{FAE04EC0-301F-11D3-BF4B-00C04F79EFBC}") = "PostgresExampleDocker", "PostgresExampleDocker\PostgresExampleDocker.csproj", "{7ECC2EFC-A0DD-4EFB-8329-B72CA41FC65A}"
EndProject
Project("{E53339B2-1760-4266-BCC7-CA923CBCF16C}") = "docker-compose", "docker-compose.dcproj", "{E863AA29-DC75-472F-A7F6-5608760C88C0}"
EndProject
Global
	GlobalSection(SolutionConfigurationPlatforms) = preSolution
		Debug|Any CPU = Debug|Any CPU
		Release|Any CPU = Release|Any CPU
	EndGlobalSection
	GlobalSection(ProjectConfigurationPlatforms) = postSolution
		{7ECC2EFC-A0DD-4EFB-8329-B72CA41FC65A}.Debug|Any CPU.ActiveCfg = Debug|Any CPU
		{7ECC2EFC-A0DD-4EFB-8329-B72CA41FC65A}.Debug|Any CPU.Build.0 = Debug|Any CPU
		{7ECC2EFC-A0DD-4EFB-8329-B72CA41FC65A}.Release|Any CPU.ActiveCfg = Release|Any CPU
		{7ECC2EFC-A0DD-4EFB-8329-B72CA41FC65A}.Release|Any CPU.Build.0 = Release|Any CPU
		{E863AA29-DC75-472F-A7F6-5608760C88C0}.Debug|Any CPU.ActiveCfg = Debug|Any CPU
		{E863AA29-DC75-472F-A7F6-5608760C88C0}.Debug|Any CPU.Build.0 = Debug|Any CPU
		{E863AA29-DC75-472F-A7F6-5608760C88C0}.Release|Any CPU.ActiveCfg = Release|Any CPU
		{E863AA29-DC75-472F-A7F6-5608760C88C0}.Release|Any CPU.Build.0 = Release|Any CPU
	EndGlobalSection
	GlobalSection(SolutionProperties) = preSolution
		HideSolutionNode = FALSE
	EndGlobalSection
	GlobalSection(ExtensibilityGlobals) = postSolution
		SolutionGuid = {6F8C06DC-986D-44D1-B3BD-AE1B6F54AC2B}
	EndGlobalSection
EndGlobal
